// !$*UTF8*$!
{
	archiveVersion = 1;
	classes = {
	};
	objectVersion = 46;
	objects = {

/* Begin PBXBuildFile section */
		CC7B23E51D58F92D0091B6EF /* AppDelegate.swift in Sources */ = {isa = PBXBuildFile; fileRef = CC7B23E41D58F92D0091B6EF /* AppDelegate.swift */; };
		CC7B23EA1D58F92D0091B6EF /* Main.storyboard in Resources */ = {isa = PBXBuildFile; fileRef = CC7B23E81D58F92D0091B6EF /* Main.storyboard */; };
		CC7B23ED1D58F92D0091B6EF /* BoxMail.xcdatamodeld in Sources */ = {isa = PBXBuildFile; fileRef = CC7B23EB1D58F92D0091B6EF /* BoxMail.xcdatamodeld */; };
		CC7B23EF1D58F92D0091B6EF /* Assets.xcassets in Resources */ = {isa = PBXBuildFile; fileRef = CC7B23EE1D58F92D0091B6EF /* Assets.xcassets */; };
		CC7B23F21D58F92D0091B6EF /* LaunchScreen.storyboard in Resources */ = {isa = PBXBuildFile; fileRef = CC7B23F01D58F92D0091B6EF /* LaunchScreen.storyboard */; };
/* End PBXBuildFile section */

/* Begin PBXFileReference section */
		CC7B23E11D58F92D0091B6EF /* BoxMail.app */ = {isa = PBXFileReference; explicitFileType = wrapper.application; includeInIndex = 0; path = BoxMail.app; sourceTree = BUILT_PRODUCTS_DIR; };
		CC7B23E41D58F92D0091B6EF /* AppDelegate.swift */ = {isa = PBXFileReference; lastKnownFileType = sourcecode.swift; path = AppDelegate.swift; sourceTree = "<group>"; };
		CC7B23E91D58F92D0091B6EF /* Base */ = {isa = PBXFileReference; lastKnownFileType = file.storyboard; name = Base; path = Base.lproj/Main.storyboard; sourceTree = "<group>"; };
		CC7B23EC1D58F92D0091B6EF /* BoxMail.xcdatamodel */ = {isa = PBXFileReference; lastKnownFileType = wrapper.xcdatamodel; path = BoxMail.xcdatamodel; sourceTree = "<group>"; };
		CC7B23EE1D58F92D0091B6EF /* Assets.xcassets */ = {isa = PBXFileReference; lastKnownFileType = folder.assetcatalog; path = Assets.xcassets; sourceTree = "<group>"; };
		CC7B23F11D58F92D0091B6EF /* Base */ = {isa = PBXFileReference; lastKnownFileType = file.storyboard; name = Base; path = Base.lproj/LaunchScreen.storyboard; sourceTree = "<group>"; };
		CC7B23F31D58F92D0091B6EF /* Info.plist */ = {isa = PBXFileReference; lastKnownFileType = text.plist.xml; path = Info.plist; sourceTree = "<group>"; };
/* End PBXFileReference section */

/* Begin PBXFrameworksBuildPhase section */
		CC7B23DE1D58F92D0091B6EF /* Frameworks */ = {
			isa = PBXFrameworksBuildPhase;
			buildActionMask = 2147483647;
			files = (
			);
			runOnlyForDeploymentPostprocessing = 0;
		};
/* End PBXFrameworksBuildPhase section */

/* Begin PBXGroup section */
		CC7B23D81D58F92C0091B6EF = {
			isa = PBXGroup;
			children = (
				CC7B23E31D58F92D0091B6EF /* BoxMail */,
				CC7B23E21D58F92D0091B6EF /* Products */,
			);
			sourceTree = "<group>";
		};
		CC7B23E21D58F92D0091B6EF /* Products */ = {
			isa = PBXGroup;
			children = (
				CC7B23E11D58F92D0091B6EF /* BoxMail.app */,
			);
			name = Products;
			sourceTree = "<group>";
		};
		CC7B23E31D58F92D0091B6EF /* BoxMail */ = {
			isa = PBXGroup;
			children = (
				CC7B23E41D58F92D0091B6EF /* AppDelegate.swift */,
				CC7B23E81D58F92D0091B6EF /* Main.storyboard */,
				CC7B23EE1D58F92D0091B6EF /* Assets.xcassets */,
				CC7B23F01D58F92D0091B6EF /* LaunchScreen.storyboard */,
				CC7B23F31D58F92D0091B6EF /* Info.plist */,
				CC7B23EB1D58F92D0091B6EF /* BoxMail.xcdatamodeld */,
			);
			path = BoxMail;
			sourceTree = "<group>";
		};
/* End PBXGroup section */

/* Begin PBXNativeTarget section */
		CC7B23E01D58F92D0091B6EF /* BoxMail */ = {
			isa = PBXNativeTarget;
			buildConfigurationList = CC7B23F61D58F92D0091B6EF /* Build configuration list for PBXNativeTarget "BoxMail" */;
			buildPhases = (
				CC7B23DD1D58F92D0091B6EF /* Sources */,
				CC7B23DE1D58F92D0091B6EF /* Frameworks */,
				CC7B23DF1D58F92D0091B6EF /* Resources */,
			);
			buildRules = (
			);
			dependencies = (
			);
			name = BoxMail;
			productName = BoxMail;
			productReference = CC7B23E11D58F92D0091B6EF /* BoxMail.app */;
			productType = "com.apple.product-type.application";
		};
/* End PBXNativeTarget section */

/* Begin PBXProject section */
		CC7B23D91D58F92D0091B6EF /* Project object */ = {
			isa = PBXProject;
			attributes = {
				LastSwiftUpdateCheck = 0730;
				LastUpgradeCheck = 0730;
				ORGANIZATIONNAME = "Raj Abishek";
				TargetAttributes = {
					CC7B23E01D58F92D0091B6EF = {
						CreatedOnToolsVersion = 7.3.1;
					};
				};
			};
			buildConfigurationList = CC7B23DC1D58F92D0091B6EF /* Build configuration list for PBXProject "BoxMail" */;
			compatibilityVersion = "Xcode 3.2";
			developmentRegion = English;
			hasScannedForEncodings = 0;
			knownRegions = (
				en,
				Base,
			);
			mainGroup = CC7B23D81D58F92C0091B6EF;
			productRefGroup = CC7B23E21D58F92D0091B6EF /* Products */;
			projectDirPath = "";
			projectRoot = "";
			targets = (
				CC7B23E01D58F92D0091B6EF /* BoxMail */,
			);
		};
/* End PBXProject section */

/* Begin PBXResourcesBuildPhase section */
		CC7B23DF1D58F92D0091B6EF /* Resources */ = {
			isa = PBXResourcesBuildPhase;
			buildActionMask = 2147483647;
			files = (
				CC7B23F21D58F92D0091B6EF /* LaunchScreen.storyboard in Resources */,
				CC7B23EF1D58F92D0091B6EF /* Assets.xcassets in Resources */,
				CC7B23EA1D58F92D0091B6EF /* Main.storyboard in Resources */,
			);
			runOnlyForDeploymentPostprocessing = 0;
		};
/* End PBXResourcesBuildPhase section */

/* Begin PBXSourcesBuildPhase section */
		CC7B23DD1D58F92D0091B6EF /* Sources */ = {
			isa = PBXSourcesBuildPhase;
			buildActionMask = 2147483647;
			files = (
				CC7B23ED1D58F92D0091B6EF /* BoxMail.xcdatamodeld in Sources */,
				CC7B23E51D58F92D0091B6EF /* AppDelegate.swift in Sources */,
			);
			runOnlyForDeploymentPostprocessing = 0;
		};
/* End PBXSourcesBuildPhase section */

/* Begin PBXVariantGroup section */
		CC7B23E81D58F92D0091B6EF /* Main.storyboard */ = {
			isa = PBXVariantGroup;
			children = (
				CC7B23E91D58F92D0091B6EF /* Base */,
			);
			name = Main.storyboard;
			sourceTree = "<group>";
		};
		CC7B23F01D58F92D0091B6EF /* LaunchScreen.storyboard */ = {
			isa = PBXVariantGroup;
			children = (
				CC7B23F11D58F92D0091B6EF /* Base */,
			);
			name = LaunchScreen.storyboard;
			sourceTree = "<group>";
		};
/* End PBXVariantGroup section */

/* Begin XCBuildConfiguration section */
		CC7B23F41D58F92D0091B6EF /* Debug */ = {
			isa = XCBuildConfiguration;
			buildSettings = {
				ALWAYS_SEARCH_USER_PATHS = NO;
				CLANG_ANALYZER_NONNULL = YES;
				CLANG_CXX_LANGUAGE_STANDARD = "gnu++0x";
				CLANG_CXX_LIBRARY = "libc++";
				CLANG_ENABLE_MODULES = YES;
				CLANG_ENABLE_OBJC_ARC = YES;
				CLANG_WARN_BOOL_CONVERSION = YES;
				CLANG_WARN_CONSTANT_CONVERSION = YES;
				CLANG_WARN_DIRECT_OBJC_ISA_USAGE = YES_ERROR;
				CLANG_WARN_EMPTY_BODY = YES;
				CLANG_WARN_ENUM_CONVERSION = YES;
				CLANG_WARN_INT_CONVERSION = YES;
				CLANG_WARN_OBJC_ROOT_CLASS = YES_ERROR;
				CLANG_WARN_UNREACHABLE_CODE = YES;
				CLANG_WARN__DUPLICATE_METHOD_MATCH = YES;
				"CODE_SIGN_IDENTITY[sdk=iphoneos*]" = "iPhone Developer";
				COPY_PHASE_STRIP = NO;
				DEBUG_INFORMATION_FORMAT = dwarf;
				ENABLE_STRICT_OBJC_MSGSEND = YES;
				ENABLE_TESTABILITY = YES;
				GCC_C_LANGUAGE_STANDARD = gnu99;
				GCC_DYNAMIC_NO_PIC = NO;
				GCC_NO_COMMON_BLOCKS = YES;
				GCC_OPTIMIZATION_LEVEL = 0;
				GCC_PREPROCESSOR_DEFINITIONS = (
					"DEBUG=1",
					"$(inherited)",
				);
				GCC_WARN_64_TO_32_BIT_CONVERSION = YES;
				GCC_WARN_ABOUT_RETURN_TYPE = YES_ERROR;
				GCC_WARN_UNDECLARED_SELECTOR = YES;
				GCC_WARN_UNINITIALIZED_AUTOS = YES_AGGRESSIVE;
				GCC_WARN_UNUSED_FUNCTION = YES;
				GCC_WARN_UNUSED_VARIABLE = YES;
				IPHONEOS_DEPLOYMENT_TARGET = 9.3;
				MTL_ENABLE_DEBUG_INFO = YES;
				ONLY_ACTIVE_ARCH = YES;
				SDKROOT = iphoneos;
				SWIFT_OPTIMIZATION_LEVEL = "-Onone";
				TARGETED_DEVICE_FAMILY = "1,2";
			};
			name = Debug;
		};
		CC7B23F51D58F92D0091B6EF /* Release */ = {
			isa = XCBuildConfiguration;
			buildSettings = {
				ALWAYS_SEARCH_USER_PATHS = NO;
				CLANG_ANALYZER_NONNULL = YES;
				CLANG_CXX_LANGUAGE_STANDARD = "gnu++0x";
				CLANG_CXX_LIBRARY = "libc++";
				CLANG_ENABLE_MODULES = YES;
				CLANG_ENABLE_OBJC_ARC = YES;
				CLANG_WARN_BOOL_CONVERSION = YES;
				CLANG_WARN_CONSTANT_CONVERSION = YES;
				CLANG_WARN_DIRECT_OBJC_ISA_USAGE = YES_ERROR;
				CLANG_WARN_EMPTY_BODY = YES;
				CLANG_WARN_ENUM_CONVERSION = YES;
				CLANG_WARN_INT_CONVERSION = YES;
				CLANG_WARN_OBJC_ROOT_CLASS = YES_ERROR;
				CLANG_WARN_UNREACHABLE_CODE = YES;
				CLANG_WARN__DUPLICATE_METHOD_MATCH = YES;
				"CODE_SIGN_IDENTITY[sdk=iphoneos*]" = "iPhone Developer";
				COPY_PHASE_STRIP = NO;
				DEBUG_INFORMATION_FORMAT = "dwarf-with-dsym";
				ENABLE_NS_ASSERTIONS = NO;
				ENABLE_STRICT_OBJC_MSGSEND = YES;
				GCC_C_LANGUAGE_STANDARD = gnu99;
				GCC_NO_COMMON_BLOCKS = YES;
				GCC_WARN_64_TO_32_BIT_CONVERSION = YES;
				GCC_WARN_ABOUT_RETURN_TYPE = YES_ERROR;
				GCC_WARN_UNDECLARED_SELECTOR = YES;
				GCC_WARN_UNINITIALIZED_AUTOS = YES_AGGRESSIVE;
				GCC_WARN_UNUSED_FUNCTION = YES;
				GCC_WARN_UNUSED_VARIABLE = YES;
				IPHONEOS_DEPLOYMENT_TARGET = 9.3;
				MTL_ENABLE_DEBUG_INFO = NO;
				SDKROOT = iphoneos;
				TARGETED_DEVICE_FAMILY = "1,2";
				VALIDATE_PRODUCT = YES;
			};
			name = Release;
		};
		CC7B23F71D58F92D0091B6EF /* Debug */ = {
			isa = XCBuildConfiguration;
			buildSettings = {
				ASSETCATALOG_COMPILER_APPICON_NAME = AppIcon;
				INFOPLIST_FILE = BoxMail/Info.plist;
				LD_RUNPATH_SEARCH_PATHS = "$(inherited) @executable_path/Frameworks";
				PRODUCT_BUNDLE_IDENTIFIER = com.rajabishek.BoxMail;
				PRODUCT_NAME = "$(TARGET_NAME)";
			};
			name = Debug;
		};
		CC7B23F81D58F92D0091B6EF /* Release */ = {
			isa = XCBuildConfiguration;
			buildSettings = {
				ASSETCATALOG_COMPILER_APPICON_NAME = AppIcon;
				INFOPLIST_FILE = BoxMail/Info.plist;
				LD_RUNPATH_SEARCH_PATHS = "$(inherited) @executable_path/Frameworks";
				PRODUCT_BUNDLE_IDENTIFIER = com.rajabishek.BoxMail;
				PRODUCT_NAME = "$(TARGET_NAME)";
			};
			name = Release;
		};
/* End XCBuildConfiguration section */

/* Begin XCConfigurationList section */
		CC7B23DC1D58F92D0091B6EF /* Build configuration list for PBXProject "BoxMail" */ = {
			isa = XCConfigurationList;
			buildConfigurations = (
				CC7B23F41D58F92D0091B6EF /* Debug */,
				CC7B23F51D58F92D0091B6EF /* Release */,
			);
			defaultConfigurationIsVisible = 0;
			defaultConfigurationName = Release;
		};
		CC7B23F61D58F92D0091B6EF /* Build configuration list for PBXNativeTarget "BoxMail" */ = {
			isa = XCConfigurationList;
			buildConfigurations = (
				CC7B23F71D58F92D0091B6EF /* Debug */,
				CC7B23F81D58F92D0091B6EF /* Release */,
			);
			defaultConfigurationIsVisible = 0;
			defaultConfigurationName = Release;
		};
/* End XCConfigurationList section */

/* Begin XCVersionGroup section */
		CC7B23EB1D58F92D0091B6EF /* BoxMail.xcdatamodeld */ = {
			isa = XCVersionGroup;
			children = (
				CC7B23EC1D58F92D0091B6EF /* BoxMail.xcdatamodel */,
			);
			currentVersion = CC7B23EC1D58F92D0091B6EF /* BoxMail.xcdatamodel */;
			path = BoxMail.xcdatamodeld;
			sourceTree = "<group>";
			versionGroupType = wrapper.xcdatamodel;
		};
/* End XCVersionGroup section */
	};
	rootObject = CC7B23D91D58F92D0091B6EF /* Project object */;
}
